
Microsoft Visual Studio Solution File, Format Version 12.00
# Visual Studio Version 16
VisualStudioVersion = 25.0.1706.1
MinimumVisualStudioVersion = 10.0.40219.1
Project("{FAE04EC0-301F-11D3-BF4B-00C04F79EFBC}") = "DI_Service_Lifetime", "DI_Service_Lifetime\DI_Service_Lifetime.csproj", "{31350F35-DBA7-4F5D-AA9A-1B7A6F874D0A}"
EndProject
Global
	GlobalSection(SolutionConfigurationPlatforms) = preSolution
		Debug|Any CPU = Debug|Any CPU
		Release|Any CPU = Release|Any CPU
	EndGlobalSection
	GlobalSection(ProjectConfigurationPlatforms) = postSolution
		{31350F35-DBA7-4F5D-AA9A-1B7A6F874D0A}.Debug|Any CPU.ActiveCfg = Debug|Any CPU
		{31350F35-DBA7-4F5D-AA9A-1B7A6F874D0A}.Debug|Any CPU.Build.0 = Debug|Any CPU
		{31350F35-DBA7-4F5D-AA9A-1B7A6F874D0A}.Release|Any CPU.ActiveCfg = Release|Any CPU
		{31350F35-DBA7-4F5D-AA9A-1B7A6F874D0A}.Release|Any CPU.Build.0 = Release|Any CPU
	EndGlobalSection
	GlobalSection(SolutionProperties) = preSolution
		HideSolutionNode = FALSE
	EndGlobalSection
	GlobalSection(ExtensibilityGlobals) = postSolution
		SolutionGuid = {4941693A-04BA-44E2-AFC9-9715C8529AB2}
	EndGlobalSection
EndGlobal
