
Microsoft Visual Studio Solution File, Format Version 12.00
# Visual Studio Version 16
VisualStudioVersion = 25.0.1706.1
MinimumVisualStudioVersion = 10.0.40219.1
Project("{FAE04EC0-301F-11D3-BF4B-00C04F79EFBC}") = "DI_Service_Lifetime", "DI_Service_Lifetime.csproj", "{35FF3174-3344-4908-A70B-5E52EEB9D956}"
EndProject
Global
	GlobalSection(SolutionConfigurationPlatforms) = preSolution
		Debug|Any CPU = Debug|Any CPU
		Release|Any CPU = Release|Any CPU
	EndGlobalSection
	GlobalSection(ProjectConfigurationPlatforms) = postSolution
		{35FF3174-3344-4908-A70B-5E52EEB9D956}.Debug|Any CPU.ActiveCfg = Debug|Any CPU
		{35FF3174-3344-4908-A70B-5E52EEB9D956}.Debug|Any CPU.Build.0 = Debug|Any CPU
		{35FF3174-3344-4908-A70B-5E52EEB9D956}.Release|Any CPU.ActiveCfg = Release|Any CPU
		{35FF3174-3344-4908-A70B-5E52EEB9D956}.Release|Any CPU.Build.0 = Release|Any CPU
	EndGlobalSection
	GlobalSection(SolutionProperties) = preSolution
		HideSolutionNode = FALSE
	EndGlobalSection
	GlobalSection(ExtensibilityGlobals) = postSolution
		SolutionGuid = {8DB571D4-86F0-4F6E-86CB-B9A6FB7E1C4A}
	EndGlobalSection
EndGlobal
